
Microsoft Visual Studio Solution File, Format Version 12.00
# Visual Studio Version 17
VisualStudioVersion = 17.10.34928.147
MinimumVisualStudioVersion = 10.0.40219.1
Project("{FAE04EC0-301F-11D3-BF4B-00C04F79EFBC}") = "LaSegunda", "LaSegunda\LaSegunda.csproj", "{322D5903-059F-4A5C-BA1C-DA586FEFE70A}"
EndProject
Global
	GlobalSection(SolutionConfigurationPlatforms) = preSolution
		Debug|Any CPU = Debug|Any CPU
		Release|Any CPU = Release|Any CPU
	EndGlobalSection
	GlobalSection(ProjectConfigurationPlatforms) = postSolution
		{322D5903-059F-4A5C-BA1C-DA586FEFE70A}.Debug|Any CPU.ActiveCfg = Debug|Any CPU
		{322D5903-059F-4A5C-BA1C-DA586FEFE70A}.Debug|Any CPU.Build.0 = Debug|Any CPU
		{322D5903-059F-4A5C-BA1C-DA586FEFE70A}.Debug|Any CPU.Deploy.0 = Debug|Any CPU
		{322D5903-059F-4A5C-BA1C-DA586FEFE70A}.Release|Any CPU.ActiveCfg = Release|Any CPU
		{322D5903-059F-4A5C-BA1C-DA586FEFE70A}.Release|Any CPU.Build.0 = Release|Any CPU
		{322D5903-059F-4A5C-BA1C-DA586FEFE70A}.Release|Any CPU.Deploy.0 = Release|Any CPU
	EndGlobalSection
	GlobalSection(SolutionProperties) = preSolution
		HideSolutionNode = FALSE
	EndGlobalSection
	GlobalSection(ExtensibilityGlobals) = postSolution
		SolutionGuid = {A8B38121-6535-40D7-BE2B-B8A3B86058A3}
	EndGlobalSection
EndGlobal
